
Microsoft Visual Studio Solution File, Format Version 12.00
# Visual Studio Version 16
VisualStudioVersion = 16.0.29709.97
MinimumVisualStudioVersion = 10.0.40219.1
Project("{9A19103F-16F7-4668-BE54-9A1E7A4F7556}") = "BrightWire", "BrightWire\BrightWire.csproj", "{3A8D02AF-B238-4EFA-BE93-3A9F4C7CF24E}"
EndProject
Project("{9A19103F-16F7-4668-BE54-9A1E7A4F7556}") = "BrightWire.Tests", "BrightWire.Tests\BrightWire.Tests.csproj", "{49A1FF2C-DFAB-49D3-A354-E074CF94F90F}"
EndProject
Global
	GlobalSection(SolutionConfigurationPlatforms) = preSolution
		Debug|AnyCPU = Debug|AnyCPU
		Release|AnyCPU = Release|AnyCPU
	EndGlobalSection
	GlobalSection(ProjectConfigurationPlatforms) = postSolution
		{3A8D02AF-B238-4EFA-BE93-3A9F4C7CF24E}.Debug|AnyCPU.ActiveCfg = Debug|Any CPU
		{3A8D02AF-B238-4EFA-BE93-3A9F4C7CF24E}.Debug|AnyCPU.Build.0 = Debug|Any CPU
		{3A8D02AF-B238-4EFA-BE93-3A9F4C7CF24E}.Release|AnyCPU.ActiveCfg = Release|Any CPU
		{3A8D02AF-B238-4EFA-BE93-3A9F4C7CF24E}.Release|AnyCPU.Build.0 = Release|Any CPU
		{49A1FF2C-DFAB-49D3-A354-E074CF94F90F}.Debug|AnyCPU.ActiveCfg = Debug|Any CPU
		{49A1FF2C-DFAB-49D3-A354-E074CF94F90F}.Debug|AnyCPU.Build.0 = Debug|Any CPU
		{49A1FF2C-DFAB-49D3-A354-E074CF94F90F}.Release|AnyCPU.ActiveCfg = Release|Any CPU
		{49A1FF2C-DFAB-49D3-A354-E074CF94F90F}.Release|AnyCPU.Build.0 = Release|Any CPU
	EndGlobalSection
	GlobalSection(SolutionProperties) = preSolution
		HideSolutionNode = FALSE
	EndGlobalSection
	GlobalSection(ExtensibilityGlobals) = postSolution
		SolutionGuid = {AA11FFF2-BA1F-467B-8B2A-DE0FA3572A56}
	EndGlobalSection
EndGlobal
